// !$*UTF8*$!
{
	archiveVersion = 1;
	classes = {
	};
	objectVersion = 46;
	objects = {
		D7BA7D76DAB5DD13389D6332 = {
			buildActionMask = 2147483647;
			files = (
				);
			generatedFileNames = (
				);
			isa = PBXShellScriptBuildPhase;
			name = "Qt Qmake";
			neededFileNames = (
				);
			shellPath = "/bin/sh";
			shellScript = "make\ -C\ /Users/eric/Dropbox/GitHub/finalproject\ -f\ \'finalproject.xcodeproj/qt_makeqmake.mak\'";
		};
		0FB1AF60726305D0F75818F6 = {
			isa = PBXFileReference;
			name = "account.cpp";
			path = "account.cpp";
			refType = 4;
			sourceTree = "SOURCE_ROOT";
			lastKnownFileType = "sourcecode.cpp.cpp";
		};
		44E7E8FFCD8F35D2E045F6F2 = {
			fileRef = "0FB1AF60726305D0F75818F6";
			isa = PBXBuildFile;
			settings = {
				ATTRIBUTES = (
					);
			};
		};
		06B66DCF7F9F24E2F2E56C04 = {
			isa = PBXFileReference;
			name = "common.cpp";
			path = "common.cpp";
			refType = 4;
			sourceTree = "SOURCE_ROOT";
			lastKnownFileType = "sourcecode.cpp.cpp";
		};
		53AB9F0A075252CE2E548315 = {
			fileRef = "06B66DCF7F9F24E2F2E56C04";
			isa = PBXBuildFile;
			settings = {
				ATTRIBUTES = (
					);
			};
		};
		73834E2B1084D7CC0A608A2F = {
			isa = PBXFileReference;
			name = "connector.cpp";
			path = "connector.cpp";
			refType = 4;
			sourceTree = "SOURCE_ROOT";
			lastKnownFileType = "sourcecode.cpp.cpp";
		};
		B092EDEA2766B01337E21BF2 = {
			fileRef = "73834E2B1084D7CC0A608A2F";
			isa = PBXBuildFile;
			settings = {
				ATTRIBUTES = (
					);
			};
		};
		8489422BCE711514DA14AF28 = {
			isa = PBXFileReference;
			name = "create_account.cpp";
			path = "create_account.cpp";
			refType = 4;
			sourceTree = "SOURCE_ROOT";
			lastKnownFileType = "sourcecode.cpp.cpp";
		};
		2631BF96C6DAA25BB8EC4783 = {
			fileRef = "8489422BCE711514DA14AF28";
			isa = PBXBuildFile;
			settings = {
				ATTRIBUTES = (
					);
			};
		};
		8788905DC559ED8794AE50A2 = {
			isa = PBXFileReference;
			name = "dialog.cpp";
			path = "dialog.cpp";
			refType = 4;
			sourceTree = "SOURCE_ROOT";
			lastKnownFileType = "sourcecode.cpp.cpp";
		};
		CAD9CA17808811522B1E58F5 = {
			fileRef = "8788905DC559ED8794AE50A2";
			isa = PBXBuildFile;
			settings = {
				ATTRIBUTES = (
					);
			};
		};
		4AB408591ACACCD460C1713B = {
			isa = PBXFileReference;
			name = "entry.cpp";
			path = "entry.cpp";
			refType = 4;
			sourceTree = "SOURCE_ROOT";
			lastKnownFileType = "sourcecode.cpp.cpp";
		};
		D3B5D4C0B820F3C7F7D8CADD = {
			fileRef = "4AB408591ACACCD460C1713B";
			isa = PBXBuildFile;
			settings = {
				ATTRIBUTES = (
					);
			};
		};
		1374DBA0FD8C0083EEE2101F = {
			isa = PBXFileReference;
			name = "favorite.cpp";
			path = "favorite.cpp";
			refType = 4;
			sourceTree = "SOURCE_ROOT";
			lastKnownFileType = "sourcecode.cpp.cpp";
		};
		E97A0EA83FC0239AD3C001B5 = {
			fileRef = "1374DBA0FD8C0083EEE2101F";
			isa = PBXBuildFile;
			settings = {
				ATTRIBUTES = (
					);
			};
		};
		118FCBAABA162BA17933C789 = {
			isa = PBXFileReference;
			name = "main.cpp";
			path = "main.cpp";
			refType = 4;
			sourceTree = "SOURCE_ROOT";
			lastKnownFileType = "sourcecode.cpp.cpp";
		};
		2B093CA6F071B023A473CED0 = {
			fileRef = "118FCBAABA162BA17933C789";
			isa = PBXBuildFile;
			settings = {
				ATTRIBUTES = (
					);
			};
		};
		EA177DE95BF7D3EF58EE43F7 = {
			isa = PBXFileReference;
			name = "mainwindow.cpp";
			path = "mainwindow.cpp";
			refType = 4;
			sourceTree = "SOURCE_ROOT";
			lastKnownFileType = "sourcecode.cpp.cpp";
		};
		462C0F34BBEF2375A9469BB5 = {
			fileRef = "EA177DE95BF7D3EF58EE43F7";
			isa = PBXBuildFile;
			settings = {
				ATTRIBUTES = (
					);
			};
		};
		A87D8B73F1FBCBB7541DD015 = {
			isa = PBXFileReference;
			name = "movies.cpp";
			path = "movies.cpp";
			refType = 4;
			sourceTree = "SOURCE_ROOT";
			lastKnownFileType = "sourcecode.cpp.cpp";
		};
		7DA3F5BB4BC64AA4785A63DE = {
			fileRef = "A87D8B73F1FBCBB7541DD015";
			isa = PBXBuildFile;
			settings = {
				ATTRIBUTES = (
					);
			};
		};
		E1F5A16F1F9BDE76D8BCB284 = {
			isa = PBXFileReference;
			name = "result.cpp";
			path = "result.cpp";
			refType = 4;
			sourceTree = "SOURCE_ROOT";
			lastKnownFileType = "sourcecode.cpp.cpp";
		};
		FF95517AC784B8EACFB00B52 = {
			fileRef = "E1F5A16F1F9BDE76D8BCB284";
			isa = PBXBuildFile;
			settings = {
				ATTRIBUTES = (
					);
			};
		};
		19CB03A604FF309B8E630F83 = {
			isa = PBXFileReference;
			name = "series.cpp";
			path = "series.cpp";
			refType = 4;
			sourceTree = "SOURCE_ROOT";
			lastKnownFileType = "sourcecode.cpp.cpp";
		};
		0A1414E174DC42569670DDF5 = {
			fileRef = "19CB03A604FF309B8E630F83";
			isa = PBXBuildFile;
			settings = {
				ATTRIBUTES = (
					);
			};
		};
		76F030E5152F08C1EF94C497 = {
			isa = PBXFileReference;
			name = "sign_out.cpp";
			path = "sign_out.cpp";
			refType = 4;
			sourceTree = "SOURCE_ROOT";
			lastKnownFileType = "sourcecode.cpp.cpp";
		};
		2F5FE0E6938ED5F914B2FB0B = {
			fileRef = "76F030E5152F08C1EF94C497";
			isa = PBXBuildFile;
			settings = {
				ATTRIBUTES = (
					);
			};
		};
		8A3AA3DB9BF300C109D671C0 = {
			isa = PBXFileReference;
			name = "whats_new.cpp";
			path = "whats_new.cpp";
			refType = 4;
			sourceTree = "SOURCE_ROOT";
			lastKnownFileType = "sourcecode.cpp.cpp";
		};
		B6304D8871DAC4265B71CC25 = {
			fileRef = "8A3AA3DB9BF300C109D671C0";
			isa = PBXBuildFile;
			settings = {
				ATTRIBUTES = (
					);
			};
		};
		310BC55B7178DD21D321B91E = {
			isa = PBXFileReference;
			name = "moc_account.cpp";
			path = "moc_account.cpp";
			refType = 4;
			sourceTree = "SOURCE_ROOT";
			lastKnownFileType = "sourcecode.cpp.cpp";
		};
		E327F4A96534BB0222D0F7B8 = {
			fileRef = "310BC55B7178DD21D321B91E";
			isa = PBXBuildFile;
			settings = {
				ATTRIBUTES = (
					);
			};
		};
		643EAC43B51B30D6B167E693 = {
			isa = PBXFileReference;
			name = "moc_create_account.cpp";
			path = "moc_create_account.cpp";
			refType = 4;
			sourceTree = "SOURCE_ROOT";
			lastKnownFileType = "sourcecode.cpp.cpp";
		};
		CE0F4CB5DE398C8ECCFDDD49 = {
			fileRef = "643EAC43B51B30D6B167E693";
			isa = PBXBuildFile;
			settings = {
				ATTRIBUTES = (
					);
			};
		};
		D59E32DFD91474474C349F2F = {
			isa = PBXFileReference;
			name = "moc_dialog.cpp";
			path = "moc_dialog.cpp";
			refType = 4;
			sourceTree = "SOURCE_ROOT";
			lastKnownFileType = "sourcecode.cpp.cpp";
		};
		72DD04910C2879B645824579 = {
			fileRef = "D59E32DFD91474474C349F2F";
			isa = PBXBuildFile;
			settings = {
				ATTRIBUTES = (
					);
			};
		};
		8913DA9C089C75B0635C63C3 = {
			isa = PBXFileReference;
			name = "moc_entry.cpp";
			path = "moc_entry.cpp";
			refType = 4;
			sourceTree = "SOURCE_ROOT";
			lastKnownFileType = "sourcecode.cpp.cpp";
		};
		E5FACEFE74E4732DCE9F7D9D = {
			fileRef = "8913DA9C089C75B0635C63C3";
			isa = PBXBuildFile;
			settings = {
				ATTRIBUTES = (
					);
			};
		};
		E139F8049EBDB70C5340298F = {
			isa = PBXFileReference;
			name = "moc_favorite.cpp";
			path = "moc_favorite.cpp";
			refType = 4;
			sourceTree = "SOURCE_ROOT";
			lastKnownFileType = "sourcecode.cpp.cpp";
		};
		1CBE960D00B184A4068804DF = {
			fileRef = "E139F8049EBDB70C5340298F";
			isa = PBXBuildFile;
			settings = {
				ATTRIBUTES = (
					);
			};
		};
		336D3C48DD3B44974395C633 = {
			isa = PBXFileReference;
			name = "moc_mainwindow.cpp";
			path = "moc_mainwindow.cpp";
			refType = 4;
			sourceTree = "SOURCE_ROOT";
			lastKnownFileType = "sourcecode.cpp.cpp";
		};
		26C2BED6C570C95F5243C556 = {
			fileRef = "336D3C48DD3B44974395C633";
			isa = PBXBuildFile;
			settings = {
				ATTRIBUTES = (
					);
			};
		};
		1FA68C717FC7E6460EEFB5D5 = {
			isa = PBXFileReference;
			name = "moc_movies.cpp";
			path = "moc_movies.cpp";
			refType = 4;
			sourceTree = "SOURCE_ROOT";
			lastKnownFileType = "sourcecode.cpp.cpp";
		};
		8B4C89F9179B18F5D5963345 = {
			fileRef = "1FA68C717FC7E6460EEFB5D5";
			isa = PBXBuildFile;
			settings = {
				ATTRIBUTES = (
					);
			};
		};
		11793402CDFA9FDC5164D15F = {
			isa = PBXFileReference;
			name = "moc_result.cpp";
			path = "moc_result.cpp";
			refType = 4;
			sourceTree = "SOURCE_ROOT";
			lastKnownFileType = "sourcecode.cpp.cpp";
		};
		86EBF857B0C0372CF156C37B = {
			fileRef = "11793402CDFA9FDC5164D15F";
			isa = PBXBuildFile;
			settings = {
				ATTRIBUTES = (
					);
			};
		};
		5CD08144DE76BDD01AFE052D = {
			isa = PBXFileReference;
			name = "moc_series.cpp";
			path = "moc_series.cpp";
			refType = 4;
			sourceTree = "SOURCE_ROOT";
			lastKnownFileType = "sourcecode.cpp.cpp";
		};
		B5F9B2DF2A5B17FB586BA682 = {
			fileRef = "5CD08144DE76BDD01AFE052D";
			isa = PBXBuildFile;
			settings = {
				ATTRIBUTES = (
					);
			};
		};
		1E6AC3227D0CF4DBCFB35DEE = {
			isa = PBXFileReference;
			name = "moc_sign_out.cpp";
			path = "moc_sign_out.cpp";
			refType = 4;
			sourceTree = "SOURCE_ROOT";
			lastKnownFileType = "sourcecode.cpp.cpp";
		};
		1FFB09A0FFA9D404EBBE1E83 = {
			fileRef = "1E6AC3227D0CF4DBCFB35DEE";
			isa = PBXBuildFile;
			settings = {
				ATTRIBUTES = (
					);
			};
		};
		3D574E60E577391BE72F6CA5 = {
			isa = PBXFileReference;
			name = "moc_whats_new.cpp";
			path = "moc_whats_new.cpp";
			refType = 4;
			sourceTree = "SOURCE_ROOT";
			lastKnownFileType = "sourcecode.cpp.cpp";
		};
		95D218D4FE3C13CE01F31248 = {
			fileRef = "3D574E60E577391BE72F6CA5";
			isa = PBXBuildFile;
			settings = {
				ATTRIBUTES = (
					);
			};
		};
		F0CA0CF4033AD00CC4A7FED6 = {
			isa = PBXFileReference;
			name = "qrc_application.cpp";
			path = "qrc_application.cpp";
			refType = 4;
			sourceTree = "SOURCE_ROOT";
			lastKnownFileType = "sourcecode.cpp.cpp";
		};
		8C4795E94D81B3B66AAD6C80 = {
			fileRef = "F0CA0CF4033AD00CC4A7FED6";
			isa = PBXBuildFile;
			settings = {
				ATTRIBUTES = (
					);
			};
		};
		2D83D801513A2DEC483BD625 = {
			isa = PBXFileReference;
			name = "account.h";
			path = "account.h";
			refType = 4;
			sourceTree = "SOURCE_ROOT";
		};
		32F5BEC80FB31433871B0902 = {
			isa = PBXFileReference;
			name = "common.h";
			path = "common.h";
			refType = 4;
			sourceTree = "SOURCE_ROOT";
		};
		8E5CABF08E09DAEA0375B1B7 = {
			isa = PBXFileReference;
			name = "connector.h";
			path = "connector.h";
			refType = 4;
			sourceTree = "SOURCE_ROOT";
		};
		D171ED868CEE158A1C6F680B = {
			isa = PBXFileReference;
			name = "create_account.h";
			path = "create_account.h";
			refType = 4;
			sourceTree = "SOURCE_ROOT";
		};
		3EE2769709197BE7C972E257 = {
			isa = PBXFileReference;
			name = "dialog.h";
			path = "dialog.h";
			refType = 4;
			sourceTree = "SOURCE_ROOT";
		};
		1788D580962227E2D5D786C7 = {
			isa = PBXFileReference;
			name = "entry.h";
			path = "entry.h";
			refType = 4;
			sourceTree = "SOURCE_ROOT";
		};
		67B1EB597FD390096564B301 = {
			isa = PBXFileReference;
			name = "favorite.h";
			path = "favorite.h";
			refType = 4;
			sourceTree = "SOURCE_ROOT";
		};
		C63FA392C61F27B1B13369C1 = {
			isa = PBXFileReference;
			name = "mainwindow.h";
			path = "mainwindow.h";
			refType = 4;
			sourceTree = "SOURCE_ROOT";
		};
		7BB8B0157F796786CBC4FDBB = {
			isa = PBXFileReference;
			name = "movies.h";
			path = "movies.h";
			refType = 4;
			sourceTree = "SOURCE_ROOT";
		};
		ECA08E9EE6B8E4386C1860D2 = {
			isa = PBXFileReference;
			name = "result.h";
			path = "result.h";
			refType = 4;
			sourceTree = "SOURCE_ROOT";
		};
		2860AD9FBC18DBCCE483A951 = {
			isa = PBXFileReference;
			name = "series.h";
			path = "series.h";
			refType = 4;
			sourceTree = "SOURCE_ROOT";
		};
		540C00C26F52C4F3422D2C4C = {
			isa = PBXFileReference;
			name = "sign_out.h";
			path = "sign_out.h";
			refType = 4;
			sourceTree = "SOURCE_ROOT";
		};
		1CD5A2E5F0908007FB4F2504 = {
			isa = PBXFileReference;
			name = "whats_new.h";
			path = "whats_new.h";
			refType = 4;
			sourceTree = "SOURCE_ROOT";
		};
		BD7E53FFE3D0EF357D0EA9EE = {
			isa = PBXFileReference;
			name = "finalproject.pro";
			path = "finalproject.pro";
			refType = 4;
			sourceTree = "SOURCE_ROOT";
		};
		626C446F0728350CB6096066 = {
			isa = PBXFileReference;
			name = "application.qrc";
			path = "application.qrc";
			refType = 4;
			sourceTree = "SOURCE_ROOT";
		};
		AABDE1C7E0EC9406D5DFE210 = {
			fileRef = "626C446F0728350CB6096066";
			isa = PBXBuildFile;
			settings = {
				ATTRIBUTES = (
					);
			};
		};
		883D7615C4D2DE3FA1218F12 = {
			isa = PBXGroup;
			children = (
				"2D83D801513A2DEC483BD625",
				"32F5BEC80FB31433871B0902",
				"8E5CABF08E09DAEA0375B1B7",
				"D171ED868CEE158A1C6F680B",
				"3EE2769709197BE7C972E257",
				"1788D580962227E2D5D786C7",
				"67B1EB597FD390096564B301",
				"C63FA392C61F27B1B13369C1",
				"7BB8B0157F796786CBC4FDBB",
				"ECA08E9EE6B8E4386C1860D2",
				"2860AD9FBC18DBCCE483A951",
				"540C00C26F52C4F3422D2C4C",
				"1CD5A2E5F0908007FB4F2504");
			name = "Headers";
			refType = 4;
			sourceTree = "<Group>";
		};
		FB61758D0F0FDA4BA867C3D5 = {
			isa = PBXGroup;
			children = (
				"0FB1AF60726305D0F75818F6",
				"06B66DCF7F9F24E2F2E56C04",
				"73834E2B1084D7CC0A608A2F",
				"8489422BCE711514DA14AF28",
				"8788905DC559ED8794AE50A2",
				"4AB408591ACACCD460C1713B",
				"1374DBA0FD8C0083EEE2101F",
				"118FCBAABA162BA17933C789",
				"EA177DE95BF7D3EF58EE43F7",
				"A87D8B73F1FBCBB7541DD015",
				"E1F5A16F1F9BDE76D8BCB284",
				"19CB03A604FF309B8E630F83",
				"76F030E5152F08C1EF94C497",
				"8A3AA3DB9BF300C109D671C0");
			name = "Sources";
			refType = 4;
			sourceTree = "<Group>";
		};
		52C235EBF1C9B07808119459 = {
			isa = PBXGroup;
			children = (
				"626C446F0728350CB6096066");
			name = "Sources [RCC]";
			refType = 4;
			sourceTree = "<Group>";
		};
		7CABE3C80E79AD2B307756D2 = {
			isa = PBXGroup;
			children = (
				"BD7E53FFE3D0EF357D0EA9EE");
			name = "Sources [qmake]";
			refType = 4;
			sourceTree = "<Group>";
		};
		46E892BBB6BB6952967E0561 = {
			isa = PBXGroup;
			children = (
				"310BC55B7178DD21D321B91E",
				"643EAC43B51B30D6B167E693",
				"D59E32DFD91474474C349F2F",
				"8913DA9C089C75B0635C63C3",
				"E139F8049EBDB70C5340298F",
				"336D3C48DD3B44974395C633",
				"1FA68C717FC7E6460EEFB5D5",
				"11793402CDFA9FDC5164D15F",
				"5CD08144DE76BDD01AFE052D",
				"1E6AC3227D0CF4DBCFB35DEE",
				"3D574E60E577391BE72F6CA5",
				"F0CA0CF4033AD00CC4A7FED6");
			name = "Temporary Sources";
			refType = 4;
			sourceTree = "<Group>";
		};
		A0A52A2ADF7A1E2A99738674 = {
			buildActionMask = 2147483647;
			files = (
				);
			generatedFileNames = (
				"44E7E8FFCD8F35D2E045F6F2",
				"53AB9F0A075252CE2E548315",
				"B092EDEA2766B01337E21BF2",
				"2631BF96C6DAA25BB8EC4783",
				"CAD9CA17808811522B1E58F5",
				"D3B5D4C0B820F3C7F7D8CADD",
				"E97A0EA83FC0239AD3C001B5",
				"2B093CA6F071B023A473CED0",
				"462C0F34BBEF2375A9469BB5",
				"7DA3F5BB4BC64AA4785A63DE",
				"FF95517AC784B8EACFB00B52",
				"0A1414E174DC42569670DDF5",
				"2F5FE0E6938ED5F914B2FB0B",
				"B6304D8871DAC4265B71CC25",
				"E327F4A96534BB0222D0F7B8",
				"CE0F4CB5DE398C8ECCFDDD49",
				"72DD04910C2879B645824579",
				"E5FACEFE74E4732DCE9F7D9D",
				"1CBE960D00B184A4068804DF",
				"26C2BED6C570C95F5243C556",
				"8B4C89F9179B18F5D5963345",
				"86EBF857B0C0372CF156C37B",
				"B5F9B2DF2A5B17FB586BA682",
				"1FFB09A0FFA9D404EBBE1E83",
				"95D218D4FE3C13CE01F31248",
				"8C4795E94D81B3B66AAD6C80");
			isa = PBXShellScriptBuildPhase;
			name = "Qt Preprocessors";
			neededFileNames = (
				"44E7E8FFCD8F35D2E045F6F2",
				"53AB9F0A075252CE2E548315",
				"B092EDEA2766B01337E21BF2",
				"2631BF96C6DAA25BB8EC4783",
				"CAD9CA17808811522B1E58F5",
				"D3B5D4C0B820F3C7F7D8CADD",
				"E97A0EA83FC0239AD3C001B5",
				"2B093CA6F071B023A473CED0",
				"462C0F34BBEF2375A9469BB5",
				"7DA3F5BB4BC64AA4785A63DE",
				"FF95517AC784B8EACFB00B52",
				"0A1414E174DC42569670DDF5",
				"2F5FE0E6938ED5F914B2FB0B",
				"B6304D8871DAC4265B71CC25",
				"E327F4A96534BB0222D0F7B8",
				"CE0F4CB5DE398C8ECCFDDD49",
				"72DD04910C2879B645824579",
				"E5FACEFE74E4732DCE9F7D9D",
				"1CBE960D00B184A4068804DF",
				"26C2BED6C570C95F5243C556",
				"8B4C89F9179B18F5D5963345",
				"86EBF857B0C0372CF156C37B",
				"B5F9B2DF2A5B17FB586BA682",
				"1FFB09A0FFA9D404EBBE1E83",
				"95D218D4FE3C13CE01F31248",
				"8C4795E94D81B3B66AAD6C80");
			shellPath = "/bin/sh";
			shellScript = "make\ -C\ /Users/eric/Dropbox/GitHub/finalproject\ -f\ \'finalproject.xcodeproj/qt_preprocess.mak\'";
		};
		C29B8785722055ED95EF7B57 = {
			buildActionMask = 2147483647;
			files = (
				"44E7E8FFCD8F35D2E045F6F2",
				"53AB9F0A075252CE2E548315",
				"B092EDEA2766B01337E21BF2",
				"2631BF96C6DAA25BB8EC4783",
				"CAD9CA17808811522B1E58F5",
				"D3B5D4C0B820F3C7F7D8CADD",
				"E97A0EA83FC0239AD3C001B5",
				"2B093CA6F071B023A473CED0",
				"462C0F34BBEF2375A9469BB5",
				"7DA3F5BB4BC64AA4785A63DE",
				"FF95517AC784B8EACFB00B52",
				"0A1414E174DC42569670DDF5",
				"2F5FE0E6938ED5F914B2FB0B",
				"B6304D8871DAC4265B71CC25",
				"E327F4A96534BB0222D0F7B8",
				"CE0F4CB5DE398C8ECCFDDD49",
				"72DD04910C2879B645824579",
				"E5FACEFE74E4732DCE9F7D9D",
				"1CBE960D00B184A4068804DF",
				"26C2BED6C570C95F5243C556",
				"8B4C89F9179B18F5D5963345",
				"86EBF857B0C0372CF156C37B",
				"B5F9B2DF2A5B17FB586BA682",
				"1FFB09A0FFA9D404EBBE1E83",
				"95D218D4FE3C13CE01F31248",
				"8C4795E94D81B3B66AAD6C80");
			isa = PBXSourcesBuildPhase;
			name = "Build Sources";
		};
		D44D68A2FDB0C26AC4467F69 = {
			isa = PBXFrameworkReference;
			name = "QtGui.framework";
			path = "/usr/local/Cellar/qt/4.8.4/lib/QtGui.framework";
			refType = 0;
			sourceTree = "<absolute>";
		};
		A9C597D3A402BD9F16482EFB = {
			fileRef = "D44D68A2FDB0C26AC4467F69";
			isa = PBXBuildFile;
			settings = {
			};
		};
		F2A88DD00D2C59E0A0A25293 = {
			isa = PBXFrameworkReference;
			name = "QtCore.framework";
			path = "/usr/local/Cellar/qt/4.8.4/lib/QtCore.framework";
			refType = 0;
			sourceTree = "<absolute>";
		};
		CEE81C35B0D9D697BAA4C41F = {
			fileRef = "F2A88DD00D2C59E0A0A25293";
			isa = PBXBuildFile;
			settings = {
			};
		};
		ED1E82605DD74B483AF3C982 = {
			children = (
				"D44D68A2FDB0C26AC4467F69",
				"F2A88DD00D2C59E0A0A25293");
			isa = PBXGroup;
			name = "External Frameworks and Libraries";
			path = "";
			refType = 4;
			sourceTree = "<Group>";
		};
		2A1043669E6E5A7426EA502A = {
			buildActionMask = 2147483647;
			files = (
				"A9C597D3A402BD9F16482EFB",
				"CEE81C35B0D9D697BAA4C41F");
			isa = PBXFrameworksBuildPhase;
			name = "Frameworks & Libraries";
		};
		3787F99312C85FF0073FD7BA = {
			buildActionMask = 2147483647;
			files = (
			);
			isa = PBXResourcesBuildPhase;
			name = "Bundle Resources";
		};
		05596AB53D8D521C69802C27 = {
			children = (
				"FB61758D0F0FDA4BA867C3D5",
				"46E892BBB6BB6952967E0561",
				"883D7615C4D2DE3FA1218F12",
				"7CABE3C80E79AD2B307756D2",
				"52C235EBF1C9B07808119459",
				"ED1E82605DD74B483AF3C982");
			isa = PBXGroup;
			name = "finalproject";
			path = "";
			refType = 4;
			sourceTree = "<Group>";
		};
		A662CE09AC4A7BC23DEBDCA7 = {
			isa = PBXFileReference;
			explicitFileType = "wrapper.application";
			path = "finalproject.app";
			refType = 3;
			sourceTree = BUILT_PRODUCTS_DIR;
		};
		068F80C7519D0528FB08E821 = {
			children = (
				"A662CE09AC4A7BC23DEBDCA7");
			isa = PBXGroup;
			name = "Products";
			refType = 4;
		};
		01319B3CA95A96C8931B118A = {
			buildPhases = (
				"D7BA7D76DAB5DD13389D6332",
				"A0A52A2ADF7A1E2A99738674",
				"C29B8785722055ED95EF7B57",
				"2A1043669E6E5A7426EA502A",
				"3787F99312C85FF0073FD7BA");
			buildSettings = {
				CC = "/usr/bin/gcc";
				CPLUSPLUS = "/usr/bin/g++";
				LEXFLAGS = "";
				YACCFLAGS = "-d";
				OTHER_REZFLAGS = "";
				SECTORDER_FLAGS = "";
				WARNING_CFLAGS = "";
				PREBINDING = NO;
				INFOPLIST_FILE = "Info.plist";
				BUILD_ROOT = "/Users/eric/Dropbox/GitHub/finalproject";
				OTHER_LDFLAGS = (
						"-headerpad_max_install_names",
						"-L/usr/local/Cellar/qt/4.8.4/lib",
						"-F/usr/local/Cellar/qt/4.8.4/lib",
						"-L/usr/local/Cellar/qt/4.8.4/lib",
						"-F/usr/local/Cellar/qt/4.8.4/lib");
				DYLIB_CURRENT_VERSION = "1.0.0";
				DYLIB_COMPATIBILITY_VERSION = "1.0";
				MACOSX_DEPLOYMENT_TARGET = "10.4";
				PRODUCT_NAME = "finalproject";
			};
			conditionalBuildSettings = {
			};
			dependencies = (
				);
			productReference = "A662CE09AC4A7BC23DEBDCA7";
			shouldUseHeadermap = 1;
			buildConfigurationList = 17B3380A4D6A7D415E7F2E1E;
			isa = PBXNativeTarget;
			productType = "com.apple.product-type.application";
			productSettingsXML = "<?xml version=\"1.0\" encoding=\"UTF-8\"?>
<!DOCTYPE plist SYSTEM \"file://localhost/System/Library/DTDs/PropertyList.dtd\">
<plist version=\"0.9\">
<dict>
	<key>NSPrincipalClass</key>
	<string>NSApplication</string>
	<key>CFBundleIconFile</key>
	<string></string>
	<key>CFBundlePackageType</key>
	<string>APPL</string>
 	<key>CFBundleGetInfoString</key>
	<string>Created by Qt/QMake</string>
	<key>CFBundleSignature</key>
	<string>????</string>
	<key>CFBundleExecutable</key>
	<string>finalproject</string>
	<key>CFBundleIdentifier</key>
	<string>com.yourcompany.finalproject</string>
	<key>NOTE</key>
	<string>This file was generated by Qt/QMake.</string>
</dict>
</plist>
";
			name = "finalproject";
			productName = "finalproject";
			startupPath = "<<ProjectDirectory>>";
		};
		4B72B24813252891014BCF61 = {
			isa = XCBuildConfiguration;
			buildSettings = {
				COPY_PHASE_STRIP = "NO";
				GCC_GENERATE_DEBUGGING_SYMBOLS = "YES";
				GCC_OPTIMIZATION_LEVEL = "0";
				PRODUCT_NAME = "finalproject";
				HEADER_SEARCH_PATHS = (
					"/usr/local/Cellar/qt/4.8.4/lib/QtCore.framework/Versions/4/Headers",
					"/usr/local/Cellar/qt/4.8.4/lib/QtCore.framework/Versions/4/Headers",
					"/usr/local/Cellar/qt/4.8.4/lib/QtGui.framework/Versions/4/Headers",
					"/usr/local/Cellar/qt/4.8.4/lib/QtGui.framework/Versions/4/Headers",
					"/usr/local/Cellar/qt/4.8.4/include",
					".",
					".",
					"/usr/local/include",
					"/System/Library/Frameworks/CarbonCore.framework/Headers",
					"/usr/local/Cellar/qt/4.8.4/mkspecs/macx-xcode");
				LIBRARY_SEARCH_PATHS = (
					"/usr/local/Cellar/qt/4.8.4/lib",
					"/usr/local/Cellar/qt/4.8.4/lib");
				FRAMEWORK_SEARCH_PATHS = (
					"/usr/local/Cellar/qt/4.8.4/lib",
					"/usr/local/Cellar/qt/4.8.4/lib",
					"/usr/local/Cellar/qt/4.8.4/lib");
				INFOPLIST_FILE = "Info.plist";
				OTHER_CFLAGS = (
					"-pipe",
					"-O2",
					"-Wall",
					"-W",
					"-DQT_NO_DEBUG",
					"-DQT_GUI_LIB",
					"-DQT_CORE_LIB",
					"-DQT_SHARED");
				OTHER_CPLUSPLUSFLAGS = (
					"-pipe",
					"-O2",
					"-Wall",
					"-W",
					"-DQT_NO_DEBUG",
					"-DQT_GUI_LIB",
					"-DQT_CORE_LIB",
					"-DQT_SHARED");
				OTHER_LDFLAGS = (
						"-headerpad_max_install_names",
						"-L/usr/local/Cellar/qt/4.8.4/lib",
						"-F/usr/local/Cellar/qt/4.8.4/lib",
						"-L/usr/local/Cellar/qt/4.8.4/lib",
						"-F/usr/local/Cellar/qt/4.8.4/lib");
				ARCHS = "x86_64";
			};
			name = "Debug";
		};
		BEC09A62E69C3553534FF35E = {
			isa = XCBuildConfiguration;
			buildSettings = {
				COPY_PHASE_STRIP = "NO";
				GCC_GENERATE_DEBUGGING_SYMBOLS = "YES";
				GCC_OPTIMIZATION_LEVEL = "0";
				PRODUCT_NAME = "finalproject";
				PRODUCT_NAME = "finalproject";
			};
			name = "Debug";
		};
		2C641C3335766025DD51B7BD = {
			buildRules = (
				);
			buildSettings = {
				COPY_PHASE_STRIP = "NO";
				GCC_GENERATE_DEBUGGING_SYMBOLS = "YES";
				GCC_OPTIMIZATION_LEVEL = "0";
				PRODUCT_NAME = "finalproject";
			};
			isa = "PBXBuildStyle";
			name = "Debug";
		};
		D70590BEB531B51029F711BB = {
			isa = XCBuildConfiguration;
			buildSettings = {
				COPY_PHASE_STRIP = "YES";
				GCC_GENERATE_DEBUGGING_SYMBOLS = "NO";
				PRODUCT_NAME = "finalproject";
				HEADER_SEARCH_PATHS = (
					"/usr/local/Cellar/qt/4.8.4/lib/QtCore.framework/Versions/4/Headers",
					"/usr/local/Cellar/qt/4.8.4/lib/QtCore.framework/Versions/4/Headers",
					"/usr/local/Cellar/qt/4.8.4/lib/QtGui.framework/Versions/4/Headers",
					"/usr/local/Cellar/qt/4.8.4/lib/QtGui.framework/Versions/4/Headers",
					"/usr/local/Cellar/qt/4.8.4/include",
					".",
					".",
					"/usr/local/include",
					"/System/Library/Frameworks/CarbonCore.framework/Headers",
					"/usr/local/Cellar/qt/4.8.4/mkspecs/macx-xcode");
				LIBRARY_SEARCH_PATHS = (
					"/usr/local/Cellar/qt/4.8.4/lib",
					"/usr/local/Cellar/qt/4.8.4/lib");
				FRAMEWORK_SEARCH_PATHS = (
					"/usr/local/Cellar/qt/4.8.4/lib",
					"/usr/local/Cellar/qt/4.8.4/lib",
					"/usr/local/Cellar/qt/4.8.4/lib");
				INFOPLIST_FILE = "Info.plist";
				OTHER_CFLAGS = (
					"-pipe",
					"-O2",
					"-Wall",
					"-W",
					"-DQT_NO_DEBUG",
					"-DQT_GUI_LIB",
					"-DQT_CORE_LIB",
					"-DQT_SHARED");
				OTHER_CPLUSPLUSFLAGS = (
					"-pipe",
					"-O2",
					"-Wall",
					"-W",
					"-DQT_NO_DEBUG",
					"-DQT_GUI_LIB",
					"-DQT_CORE_LIB",
					"-DQT_SHARED");
				OTHER_LDFLAGS = (
						"-headerpad_max_install_names",
						"-L/usr/local/Cellar/qt/4.8.4/lib",
						"-F/usr/local/Cellar/qt/4.8.4/lib",
						"-L/usr/local/Cellar/qt/4.8.4/lib",
						"-F/usr/local/Cellar/qt/4.8.4/lib");
				ARCHS = "x86_64";
			};
			name = "Release";
		};
		8C7174830A1E4DCBA0332EC1 = {
			isa = XCBuildConfiguration;
			buildSettings = {
				COPY_PHASE_STRIP = "YES";
				GCC_GENERATE_DEBUGGING_SYMBOLS = "NO";
				PRODUCT_NAME = "finalproject";
				PRODUCT_NAME = "finalproject";
			};
			name = "Release";
		};
		26DE8D2AEA4B3714B41E931F = {
			buildRules = (
				);
			buildSettings = {
				COPY_PHASE_STRIP = "YES";
				GCC_GENERATE_DEBUGGING_SYMBOLS = "NO";
				PRODUCT_NAME = "finalproject";
			};
			isa = "PBXBuildStyle";
			name = "Release";
		};
		CC82A9286117DFED018F418F = {
			isa = XCConfigurationList;
			buildConfigurations = (
				"4B72B24813252891014BCF61",
				"D70590BEB531B51029F711BB");
			defaultConfigurationIsVisible = 0;
			defaultConfigurationIsName = "Release";
		};
		17B3380A4D6A7D415E7F2E1E = {
			isa = XCConfigurationList;
			buildConfigurations = (
				"BEC09A62E69C3553534FF35E",
				"8C7174830A1E4DCBA0332EC1");
			defaultConfigurationIsVisible = 0;
			defaultConfigurationIsName = "Release";
		};
		91B15E841AA80083484172DE = {
			buildStyles = (
				"2C641C3335766025DD51B7BD",
				"26DE8D2AEA4B3714B41E931F");
			hasScannedForEncodings = 1;
			isa = PBXProject;
			mainGroup = "05596AB53D8D521C69802C27";
			buildConfigurationList = "CC82A9286117DFED018F418F";
			projectDirPath = "";
			targets = (
				"01319B3CA95A96C8931B118A");
		};
	};
	rootObject = "91B15E841AA80083484172DE";
}
